// !$*UTF8*$!
{
	archiveVersion = 1;
	classes = {
	};
	objectVersion = 50;
	objects = {

/* Begin PBXBuildFile section */
		18461E0C26904D7D0091530A /* HabitDetailsView.swift in Sources */ = {isa = PBXBuildFile; fileRef = 18461E0B26904D7D0091530A /* HabitDetailsView.swift */; };
		18921CE4268FA7FE00A376FE /* AddHabitView.swift in Sources */ = {isa = PBXBuildFile; fileRef = 18921CE3268FA7FE00A376FE /* AddHabitView.swift */; };
		18921CE6268FAD2600A376FE /* Habits.swift in Sources */ = {isa = PBXBuildFile; fileRef = 18921CE5268FAD2600A376FE /* Habits.swift */; };
		18DB24FE268E5C1200EED618 /* HabitTrackerApp.swift in Sources */ = {isa = PBXBuildFile; fileRef = 18DB24FD268E5C1200EED618 /* HabitTrackerApp.swift */; };
		18DB2500268E5C1200EED618 /* ContentView.swift in Sources */ = {isa = PBXBuildFile; fileRef = 18DB24FF268E5C1200EED618 /* ContentView.swift */; };
		18DB2502268E5C1400EED618 /* Assets.xcassets in Resources */ = {isa = PBXBuildFile; fileRef = 18DB2501268E5C1400EED618 /* Assets.xcassets */; };
		18DB2505268E5C1400EED618 /* Preview Assets.xcassets in Resources */ = {isa = PBXBuildFile; fileRef = 18DB2504268E5C1400EED618 /* Preview Assets.xcassets */; };
		18DB250D268E616700EED618 /* Habit.swift in Sources */ = {isa = PBXBuildFile; fileRef = 18DB250C268E616700EED618 /* Habit.swift */; };
		18DB250F268E619B00EED618 /* HabitRow.swift in Sources */ = {isa = PBXBuildFile; fileRef = 18DB250E268E619B00EED618 /* HabitRow.swift */; };
		18DB2511268E620900EED618 /* HabitList.swift in Sources */ = {isa = PBXBuildFile; fileRef = 18DB2510268E620900EED618 /* HabitList.swift */; };
/* End PBXBuildFile section */

/* Begin PBXFileReference section */
		18461E0B26904D7D0091530A /* HabitDetailsView.swift */ = {isa = PBXFileReference; lastKnownFileType = sourcecode.swift; path = HabitDetailsView.swift; sourceTree = "<group>"; };
		18921CE3268FA7FE00A376FE /* AddHabitView.swift */ = {isa = PBXFileReference; lastKnownFileType = sourcecode.swift; path = AddHabitView.swift; sourceTree = "<group>"; };
		18921CE5268FAD2600A376FE /* Habits.swift */ = {isa = PBXFileReference; lastKnownFileType = sourcecode.swift; path = Habits.swift; sourceTree = "<group>"; };
		18DB24FA268E5C1200EED618 /* HabitTracker.app */ = {isa = PBXFileReference; explicitFileType = wrapper.application; includeInIndex = 0; path = HabitTracker.app; sourceTree = BUILT_PRODUCTS_DIR; };
		18DB24FD268E5C1200EED618 /* HabitTrackerApp.swift */ = {isa = PBXFileReference; lastKnownFileType = sourcecode.swift; path = HabitTrackerApp.swift; sourceTree = "<group>"; };
		18DB24FF268E5C1200EED618 /* ContentView.swift */ = {isa = PBXFileReference; lastKnownFileType = sourcecode.swift; path = ContentView.swift; sourceTree = "<group>"; };
		18DB2501268E5C1400EED618 /* Assets.xcassets */ = {isa = PBXFileReference; lastKnownFileType = folder.assetcatalog; path = Assets.xcassets; sourceTree = "<group>"; };
		18DB2504268E5C1400EED618 /* Preview Assets.xcassets */ = {isa = PBXFileReference; lastKnownFileType = folder.assetcatalog; path = "Preview Assets.xcassets"; sourceTree = "<group>"; };
		18DB2506268E5C1400EED618 /* Info.plist */ = {isa = PBXFileReference; lastKnownFileType = text.plist.xml; path = Info.plist; sourceTree = "<group>"; };
		18DB250C268E616700EED618 /* Habit.swift */ = {isa = PBXFileReference; lastKnownFileType = sourcecode.swift; path = Habit.swift; sourceTree = "<group>"; };
		18DB250E268E619B00EED618 /* HabitRow.swift */ = {isa = PBXFileReference; lastKnownFileType = sourcecode.swift; path = HabitRow.swift; sourceTree = "<group>"; };
		18DB2510268E620900EED618 /* HabitList.swift */ = {isa = PBXFileReference; lastKnownFileType = sourcecode.swift; path = HabitList.swift; sourceTree = "<group>"; };
/* End PBXFileReference section */

/* Begin PBXFrameworksBuildPhase section */
		18DB24F7268E5C1200EED618 /* Frameworks */ = {
			isa = PBXFrameworksBuildPhase;
			buildActionMask = 2147483647;
			files = (
			);
			runOnlyForDeploymentPostprocessing = 0;
		};
/* End PBXFrameworksBuildPhase section */

/* Begin PBXGroup section */
		18DB24F1268E5C1200EED618 = {
			isa = PBXGroup;
			children = (
				18DB24FC268E5C1200EED618 /* HabitTracker */,
				18DB24FB268E5C1200EED618 /* Products */,
			);
			sourceTree = "<group>";
		};
		18DB24FB268E5C1200EED618 /* Products */ = {
			isa = PBXGroup;
			children = (
				18DB24FA268E5C1200EED618 /* HabitTracker.app */,
			);
			name = Products;
			sourceTree = "<group>";
		};
		18DB24FC268E5C1200EED618 /* HabitTracker */ = {
			isa = PBXGroup;
			children = (
				18DB24FD268E5C1200EED618 /* HabitTrackerApp.swift */,
				18461E0B26904D7D0091530A /* HabitDetailsView.swift */,
				18DB24FF268E5C1200EED618 /* ContentView.swift */,
				18921CE3268FA7FE00A376FE /* AddHabitView.swift */,
				18DB2510268E620900EED618 /* HabitList.swift */,
				18921CE5268FAD2600A376FE /* Habits.swift */,
				18DB250E268E619B00EED618 /* HabitRow.swift */,
				18DB250C268E616700EED618 /* Habit.swift */,
				18DB2501268E5C1400EED618 /* Assets.xcassets */,
				18DB2506268E5C1400EED618 /* Info.plist */,
				18DB2503268E5C1400EED618 /* Preview Content */,
			);
			path = HabitTracker;
			sourceTree = "<group>";
		};
		18DB2503268E5C1400EED618 /* Preview Content */ = {
			isa = PBXGroup;
			children = (
				18DB2504268E5C1400EED618 /* Preview Assets.xcassets */,
			);
			path = "Preview Content";
			sourceTree = "<group>";
		};
/* End PBXGroup section */

/* Begin PBXNativeTarget section */
		18DB24F9268E5C1200EED618 /* HabitTracker */ = {
			isa = PBXNativeTarget;
			buildConfigurationList = 18DB2509268E5C1400EED618 /* Build configuration list for PBXNativeTarget "HabitTracker" */;
			buildPhases = (
				18DB24F6268E5C1200EED618 /* Sources */,
				18DB24F7268E5C1200EED618 /* Frameworks */,
				18DB24F8268E5C1200EED618 /* Resources */,
			);
			buildRules = (
			);
			dependencies = (
			);
			name = HabitTracker;
			productName = HabitTracker;
			productReference = 18DB24FA268E5C1200EED618 /* HabitTracker.app */;
			productType = "com.apple.product-type.application";
		};
/* End PBXNativeTarget section */

/* Begin PBXProject section */
		18DB24F2268E5C1200EED618 /* Project object */ = {
			isa = PBXProject;
			attributes = {
				LastSwiftUpdateCheck = 1250;
				LastUpgradeCheck = 1250;
				TargetAttributes = {
					18DB24F9268E5C1200EED618 = {
						CreatedOnToolsVersion = 12.5.1;
					};
				};
			};
			buildConfigurationList = 18DB24F5268E5C1200EED618 /* Build configuration list for PBXProject "HabitTracker" */;
			compatibilityVersion = "Xcode 9.3";
			developmentRegion = en;
			hasScannedForEncodings = 0;
			knownRegions = (
				en,
				Base,
			);
			mainGroup = 18DB24F1268E5C1200EED618;
			productRefGroup = 18DB24FB268E5C1200EED618 /* Products */;
			projectDirPath = "";
			projectRoot = "";
			targets = (
				18DB24F9268E5C1200EED618 /* HabitTracker */,
			);
		};
/* End PBXProject section */

/* Begin PBXResourcesBuildPhase section */
		18DB24F8268E5C1200EED618 /* Resources */ = {
			isa = PBXResourcesBuildPhase;
			buildActionMask = 2147483647;
			files = (
				18DB2505268E5C1400EED618 /* Preview Assets.xcassets in Resources */,
				18DB2502268E5C1400EED618 /* Assets.xcassets in Resources */,
			);
			runOnlyForDeploymentPostprocessing = 0;
		};
/* End PBXResourcesBuildPhase section */

/* Begin PBXSourcesBuildPhase section */
		18DB24F6268E5C1200EED618 /* Sources */ = {
			isa = PBXSourcesBuildPhase;
			buildActionMask = 2147483647;
			files = (
				18DB250D268E616700EED618 /* Habit.swift in Sources */,
				18DB250F268E619B00EED618 /* HabitRow.swift in Sources */,
				18461E0C26904D7D0091530A /* HabitDetailsView.swift in Sources */,
				18DB2500268E5C1200EED618 /* ContentView.swift in Sources */,
				18DB2511268E620900EED618 /* HabitList.swift in Sources */,
				18DB24FE268E5C1200EED618 /* HabitTrackerApp.swift in Sources */,
				18921CE4268FA7FE00A376FE /* AddHabitView.swift in Sources */,
				18921CE6268FAD2600A376FE /* Habits.swift in Sources */,
			);
			runOnlyForDeploymentPostprocessing = 0;
		};
/* End PBXSourcesBuildPhase section */

/* Begin XCBuildConfiguration section */
		18DB2507268E5C1400EED618 /* Debug */ = {
			isa = XCBuildConfiguration;
			buildSettings = {
				ALWAYS_SEARCH_USER_PATHS = NO;
				CLANG_ANALYZER_NONNULL = YES;
				CLANG_ANALYZER_NUMBER_OBJECT_CONVERSION = YES_AGGRESSIVE;
				CLANG_CXX_LANGUAGE_STANDARD = "gnu++14";
				CLANG_CXX_LIBRARY = "libc++";
				CLANG_ENABLE_MODULES = YES;
				CLANG_ENABLE_OBJC_ARC = YES;
				CLANG_ENABLE_OBJC_WEAK = YES;
				CLANG_WARN_BLOCK_CAPTURE_AUTORELEASING = YES;
				CLANG_WARN_BOOL_CONVERSION = YES;
				CLANG_WARN_COMMA = YES;
				CLANG_WARN_CONSTANT_CONVERSION = YES;
				CLANG_WARN_DEPRECATED_OBJC_IMPLEMENTATIONS = YES;
				CLANG_WARN_DIRECT_OBJC_ISA_USAGE = YES_ERROR;
				CLANG_WARN_DOCUMENTATION_COMMENTS = YES;
				CLANG_WARN_EMPTY_BODY = YES;
				CLANG_WARN_ENUM_CONVERSION = YES;
				CLANG_WARN_INFINITE_RECURSION = YES;
				CLANG_WARN_INT_CONVERSION = YES;
				CLANG_WARN_NON_LITERAL_NULL_CONVERSION = YES;
				CLANG_WARN_OBJC_IMPLICIT_RETAIN_SELF = YES;
				CLANG_WARN_OBJC_LITERAL_CONVERSION = YES;
				CLANG_WARN_OBJC_ROOT_CLASS = YES_ERROR;
				CLANG_WARN_QUOTED_INCLUDE_IN_FRAMEWORK_HEADER = YES;
				CLANG_WARN_RANGE_LOOP_ANALYSIS = YES;
				CLANG_WARN_STRICT_PROTOTYPES = YES;
				CLANG_WARN_SUSPICIOUS_MOVE = YES;
				CLANG_WARN_UNGUARDED_AVAILABILITY = YES_AGGRESSIVE;
				CLANG_WARN_UNREACHABLE_CODE = YES;
				CLANG_WARN__DUPLICATE_METHOD_MATCH = YES;
				COPY_PHASE_STRIP = NO;
				DEBUG_INFORMATION_FORMAT = dwarf;
				ENABLE_STRICT_OBJC_MSGSEND = YES;
				ENABLE_TESTABILITY = YES;
				GCC_C_LANGUAGE_STANDARD = gnu11;
				GCC_DYNAMIC_NO_PIC = NO;
				GCC_NO_COMMON_BLOCKS = YES;
				GCC_OPTIMIZATION_LEVEL = 0;
				GCC_PREPROCESSOR_DEFINITIONS = (
					"DEBUG=1",
					"$(inherited)",
				);
				GCC_WARN_64_TO_32_BIT_CONVERSION = YES;
				GCC_WARN_ABOUT_RETURN_TYPE = YES_ERROR;
				GCC_WARN_UNDECLARED_SELECTOR = YES;
				GCC_WARN_UNINITIALIZED_AUTOS = YES_AGGRESSIVE;
				GCC_WARN_UNUSED_FUNCTION = YES;
				GCC_WARN_UNUSED_VARIABLE = YES;
				IPHONEOS_DEPLOYMENT_TARGET = 14.5;
				MTL_ENABLE_DEBUG_INFO = INCLUDE_SOURCE;
				MTL_FAST_MATH = YES;
				ONLY_ACTIVE_ARCH = YES;
				SDKROOT = iphoneos;
				SWIFT_ACTIVE_COMPILATION_CONDITIONS = DEBUG;
				SWIFT_OPTIMIZATION_LEVEL = "-Onone";
			};
			name = Debug;
		};
		18DB2508268E5C1400EED618 /* Release */ = {
			isa = XCBuildConfiguration;
			buildSettings = {
				ALWAYS_SEARCH_USER_PATHS = NO;
				CLANG_ANALYZER_NONNULL = YES;
				CLANG_ANALYZER_NUMBER_OBJECT_CONVERSION = YES_AGGRESSIVE;
				CLANG_CXX_LANGUAGE_STANDARD = "gnu++14";
				CLANG_CXX_LIBRARY = "libc++";
				CLANG_ENABLE_MODULES = YES;
				CLANG_ENABLE_OBJC_ARC = YES;
				CLANG_ENABLE_OBJC_WEAK = YES;
				CLANG_WARN_BLOCK_CAPTURE_AUTORELEASING = YES;
				CLANG_WARN_BOOL_CONVERSION = YES;
				CLANG_WARN_COMMA = YES;
				CLANG_WARN_CONSTANT_CONVERSION = YES;
				CLANG_WARN_DEPRECATED_OBJC_IMPLEMENTATIONS = YES;
				CLANG_WARN_DIRECT_OBJC_ISA_USAGE = YES_ERROR;
				CLANG_WARN_DOCUMENTATION_COMMENTS = YES;
				CLANG_WARN_EMPTY_BODY = YES;
				CLANG_WARN_ENUM_CONVERSION = YES;
				CLANG_WARN_INFINITE_RECURSION = YES;
				CLANG_WARN_INT_CONVERSION = YES;
				CLANG_WARN_NON_LITERAL_NULL_CONVERSION = YES;
				CLANG_WARN_OBJC_IMPLICIT_RETAIN_SELF = YES;
				CLANG_WARN_OBJC_LITERAL_CONVERSION = YES;
				CLANG_WARN_OBJC_ROOT_CLASS = YES_ERROR;
				CLANG_WARN_QUOTED_INCLUDE_IN_FRAMEWORK_HEADER = YES;
				CLANG_WARN_RANGE_LOOP_ANALYSIS = YES;
				CLANG_WARN_STRICT_PROTOTYPES = YES;
				CLANG_WARN_SUSPICIOUS_MOVE = YES;
				CLANG_WARN_UNGUARDED_AVAILABILITY = YES_AGGRESSIVE;
				CLANG_WARN_UNREACHABLE_CODE = YES;
				CLANG_WARN__DUPLICATE_METHOD_MATCH = YES;
				COPY_PHASE_STRIP = NO;
				DEBUG_INFORMATION_FORMAT = "dwarf-with-dsym";
				ENABLE_NS_ASSERTIONS = NO;
				ENABLE_STRICT_OBJC_MSGSEND = YES;
				GCC_C_LANGUAGE_STANDARD = gnu11;
				GCC_NO_COMMON_BLOCKS = YES;
				GCC_WARN_64_TO_32_BIT_CONVERSION = YES;
				GCC_WARN_ABOUT_RETURN_TYPE = YES_ERROR;
				GCC_WARN_UNDECLARED_SELECTOR = YES;
				GCC_WARN_UNINITIALIZED_AUTOS = YES_AGGRESSIVE;
				GCC_WARN_UNUSED_FUNCTION = YES;
				GCC_WARN_UNUSED_VARIABLE = YES;
				IPHONEOS_DEPLOYMENT_TARGET = 14.5;
				MTL_ENABLE_DEBUG_INFO = NO;
				MTL_FAST_MATH = YES;
				SDKROOT = iphoneos;
				SWIFT_COMPILATION_MODE = wholemodule;
				SWIFT_OPTIMIZATION_LEVEL = "-O";
				VALIDATE_PRODUCT = YES;
			};
			name = Release;
		};
		18DB250A268E5C1400EED618 /* Debug */ = {
			isa = XCBuildConfiguration;
			buildSettings = {
				ASSETCATALOG_COMPILER_APPICON_NAME = AppIcon;
				ASSETCATALOG_COMPILER_GLOBAL_ACCENT_COLOR_NAME = AccentColor;
				CODE_SIGN_STYLE = Automatic;
				DEVELOPMENT_ASSET_PATHS = "\"HabitTracker/Preview Content\"";
				DEVELOPMENT_TEAM = 7SH32VB269;
				ENABLE_PREVIEWS = YES;
				INFOPLIST_FILE = HabitTracker/Info.plist;
				IPHONEOS_DEPLOYMENT_TARGET = 14.0;
				LD_RUNPATH_SEARCH_PATHS = (
					"$(inherited)",
					"@executable_path/Frameworks",
				);
				PRODUCT_BUNDLE_IDENTIFIER = fbaumgart.HabitTracker;
				PRODUCT_NAME = "$(TARGET_NAME)";
				SWIFT_VERSION = 5.0;
				TARGETED_DEVICE_FAMILY = "1,2";
			};
			name = Debug;
		};
		18DB250B268E5C1400EED618 /* Release */ = {
			isa = XCBuildConfiguration;
			buildSettings = {
				ASSETCATALOG_COMPILER_APPICON_NAME = AppIcon;
				ASSETCATALOG_COMPILER_GLOBAL_ACCENT_COLOR_NAME = AccentColor;
				CODE_SIGN_STYLE = Automatic;
				DEVELOPMENT_ASSET_PATHS = "\"HabitTracker/Preview Content\"";
				DEVELOPMENT_TEAM = 7SH32VB269;
				ENABLE_PREVIEWS = YES;
				INFOPLIST_FILE = HabitTracker/Info.plist;
				IPHONEOS_DEPLOYMENT_TARGET = 14.0;
				LD_RUNPATH_SEARCH_PATHS = (
					"$(inherited)",
					"@executable_path/Frameworks",
				);
				PRODUCT_BUNDLE_IDENTIFIER = fbaumgart.HabitTracker;
				PRODUCT_NAME = "$(TARGET_NAME)";
				SWIFT_VERSION = 5.0;
				TARGETED_DEVICE_FAMILY = "1,2";
			};
			name = Release;
		};
/* End XCBuildConfiguration section */

/* Begin XCConfigurationList section */
		18DB24F5268E5C1200EED618 /* Build configuration list for PBXProject "HabitTracker" */ = {
			isa = XCConfigurationList;
			buildConfigurations = (
				18DB2507268E5C1400EED618 /* Debug */,
				18DB2508268E5C1400EED618 /* Release */,
			);
			defaultConfigurationIsVisible = 0;
			defaultConfigurationName = Release;
		};
		18DB2509268E5C1400EED618 /* Build configuration list for PBXNativeTarget "HabitTracker" */ = {
			isa = XCConfigurationList;
			buildConfigurations = (
				18DB250A268E5C1400EED618 /* Debug */,
				18DB250B268E5C1400EED618 /* Release */,
			);
			defaultConfigurationIsVisible = 0;
			defaultConfigurationName = Release;
		};
/* End XCConfigurationList section */
	};
	rootObject = 18DB24F2268E5C1200EED618 /* Project object */;
}
